
Microsoft Visual Studio Solution File, Format Version 12.00
# Visual Studio Version 17
VisualStudioVersion = 17.2.32526.322
MinimumVisualStudioVersion = 10.0.40219.1
Project("{FAE04EC0-301F-11D3-BF4B-00C04F79EFBC}") = "Common", "Common\Common.csproj", "{5D211515-E1BA-41EE-AD2D-F62492CCA4EC}"
EndProject
Project("{FAE04EC0-301F-11D3-BF4B-00C04F79EFBC}") = "Client", "Client\Client.csproj", "{709278EF-650C-425C-845F-4F5B7C5120D7}"
EndProject
Project("{FAE04EC0-301F-11D3-BF4B-00C04F79EFBC}") = "Server", "Server\Server.csproj", "{8E9E60FF-05CF-467C-8EDD-7316E862497C}"
EndProject
Global
	GlobalSection(SolutionConfigurationPlatforms) = preSolution
		Debug|Any CPU = Debug|Any CPU
		Release|Any CPU = Release|Any CPU
	EndGlobalSection
	GlobalSection(ProjectConfigurationPlatforms) = postSolution
		{5D211515-E1BA-41EE-AD2D-F62492CCA4EC}.Debug|Any CPU.ActiveCfg = Debug|Any CPU
		{5D211515-E1BA-41EE-AD2D-F62492CCA4EC}.Debug|Any CPU.Build.0 = Debug|Any CPU
		{5D211515-E1BA-41EE-AD2D-F62492CCA4EC}.Release|Any CPU.ActiveCfg = Release|Any CPU
		{5D211515-E1BA-41EE-AD2D-F62492CCA4EC}.Release|Any CPU.Build.0 = Release|Any CPU
		{709278EF-650C-425C-845F-4F5B7C5120D7}.Debug|Any CPU.ActiveCfg = Debug|Any CPU
		{709278EF-650C-425C-845F-4F5B7C5120D7}.Debug|Any CPU.Build.0 = Debug|Any CPU
		{709278EF-650C-425C-845F-4F5B7C5120D7}.Release|Any CPU.ActiveCfg = Release|Any CPU
		{709278EF-650C-425C-845F-4F5B7C5120D7}.Release|Any CPU.Build.0 = Release|Any CPU
		{8E9E60FF-05CF-467C-8EDD-7316E862497C}.Debug|Any CPU.ActiveCfg = Debug|Any CPU
		{8E9E60FF-05CF-467C-8EDD-7316E862497C}.Debug|Any CPU.Build.0 = Debug|Any CPU
		{8E9E60FF-05CF-467C-8EDD-7316E862497C}.Release|Any CPU.ActiveCfg = Release|Any CPU
		{8E9E60FF-05CF-467C-8EDD-7316E862497C}.Release|Any CPU.Build.0 = Release|Any CPU
	EndGlobalSection
	GlobalSection(SolutionProperties) = preSolution
		HideSolutionNode = FALSE
	EndGlobalSection
	GlobalSection(ExtensibilityGlobals) = postSolution
		SolutionGuid = {2A84310F-6BA4-489A-B16A-68C2F9C7392D}
	EndGlobalSection
EndGlobal
